// !$*UTF8*$!
{
	archiveVersion = 1;
	classes = {
	};
	objectVersion = 55;
	objects = {

/* Begin PBXBuildFile section */
		451CC2FE27D88BDC0040946B /* AppDelegate.swift in Sources */ = {isa = PBXBuildFile; fileRef = 451CC2FD27D88BDC0040946B /* AppDelegate.swift */; };
		451CC30027D88BDC0040946B /* SceneDelegate.swift in Sources */ = {isa = PBXBuildFile; fileRef = 451CC2FF27D88BDC0040946B /* SceneDelegate.swift */; };
		451CC30727D88BDF0040946B /* Assets.xcassets in Resources */ = {isa = PBXBuildFile; fileRef = 451CC30627D88BDF0040946B /* Assets.xcassets */; };
		451CC30A27D88BDF0040946B /* LaunchScreen.storyboard in Resources */ = {isa = PBXBuildFile; fileRef = 451CC30827D88BDF0040946B /* LaunchScreen.storyboard */; };
		451CC31227D891520040946B /* ItemCollectionViewCell.swift in Sources */ = {isa = PBXBuildFile; fileRef = 451CC31127D891520040946B /* ItemCollectionViewCell.swift */; };
		451CC31427D8AF9B0040946B /* CreateNewFolderAlert.swift in Sources */ = {isa = PBXBuildFile; fileRef = 451CC31327D8AF9B0040946B /* CreateNewFolderAlert.swift */; };
		451CC31627D8DCAB0040946B /* FilesViewController.swift in Sources */ = {isa = PBXBuildFile; fileRef = 451CC31527D8DCAB0040946B /* FilesViewController.swift */; };
		451CC31827DA238B0040946B /* PhotoViewController.swift in Sources */ = {isa = PBXBuildFile; fileRef = 451CC31727DA238B0040946B /* PhotoViewController.swift */; };
		451CC31A27DA3D880040946B /* DeleteItemAlert.swift in Sources */ = {isa = PBXBuildFile; fileRef = 451CC31927DA3D880040946B /* DeleteItemAlert.swift */; };
		45A0CF0D2861F3EF00AC4B10 /* TabBarController.swift in Sources */ = {isa = PBXBuildFile; fileRef = 45A0CF0C2861F3EF00AC4B10 /* TabBarController.swift */; };
		45A0CF102861F46000AC4B10 /* LoginViewController4.swift in Sources */ = {isa = PBXBuildFile; fileRef = 45A0CF0F2861F46000AC4B10 /* LoginViewController4.swift */; };
		45A0CF142861F4DF00AC4B10 /* KeyChainManager.swift in Sources */ = {isa = PBXBuildFile; fileRef = 45A0CF132861F4DF00AC4B10 /* KeyChainManager.swift */; };
		45A0CF172861F51800AC4B10 /* UserModel.swift in Sources */ = {isa = PBXBuildFile; fileRef = 45A0CF162861F51800AC4B10 /* UserModel.swift */; };
		45A0CF1A2861F56100AC4B10 /* StringExtensions.swift in Sources */ = {isa = PBXBuildFile; fileRef = 45A0CF192861F56100AC4B10 /* StringExtensions.swift */; };
		45A0CF1C2861F59800AC4B10 /* SpecialTextField.swift in Sources */ = {isa = PBXBuildFile; fileRef = 45A0CF1B2861F59800AC4B10 /* SpecialTextField.swift */; };
		45A0CF1E2861F5B700AC4B10 /* SpecialNameLabel.swift in Sources */ = {isa = PBXBuildFile; fileRef = 45A0CF1D2861F5B700AC4B10 /* SpecialNameLabel.swift */; };
		45A0CF202861F5DA00AC4B10 /* IsValidPasswordLabel.swift in Sources */ = {isa = PBXBuildFile; fileRef = 45A0CF1F2861F5DA00AC4B10 /* IsValidPasswordLabel.swift */; };
		45A0CF222861F5F800AC4B10 /* LogInButton.swift in Sources */ = {isa = PBXBuildFile; fileRef = 45A0CF212861F5F800AC4B10 /* LogInButton.swift */; };
		45A0CF242861F95D00AC4B10 /* SettingsViewController.swift in Sources */ = {isa = PBXBuildFile; fileRef = 45A0CF232861F95D00AC4B10 /* SettingsViewController.swift */; };
		45A0CF2628634A8F00AC4B10 /* SortingModel.swift in Sources */ = {isa = PBXBuildFile; fileRef = 45A0CF2528634A8F00AC4B10 /* SortingModel.swift */; };
		45A0CF2828636A7200AC4B10 /* UserDefaultsManager.swift in Sources */ = {isa = PBXBuildFile; fileRef = 45A0CF2728636A7200AC4B10 /* UserDefaultsManager.swift */; };
		45A0CF2A2863994200AC4B10 /* SortingBehaviorManager.swift in Sources */ = {isa = PBXBuildFile; fileRef = 45A0CF292863994200AC4B10 /* SortingBehaviorManager.swift */; };
		45A0CF2C2863A9E200AC4B10 /* LoginView.swift in Sources */ = {isa = PBXBuildFile; fileRef = 45A0CF2B2863A9E200AC4B10 /* LoginView.swift */; };
		45A0CF2F2863AB7B00AC4B10 /* LoginViewController.swift in Sources */ = {isa = PBXBuildFile; fileRef = 45A0CF2E2863AB7B00AC4B10 /* LoginViewController.swift */; };
		45A0CF312863AD2A00AC4B10 /* InitialPasswordViewModel.swift in Sources */ = {isa = PBXBuildFile; fileRef = 45A0CF302863AD2A00AC4B10 /* InitialPasswordViewModel.swift */; };
		45A0CF332864734300AC4B10 /* ChangePasswordViewModel.swift in Sources */ = {isa = PBXBuildFile; fileRef = 45A0CF322864734300AC4B10 /* ChangePasswordViewModel.swift */; };
		45A0CF3728647ED400AC4B10 /* LoginViewModelProtocol.swift in Sources */ = {isa = PBXBuildFile; fileRef = 45A0CF3628647ED400AC4B10 /* LoginViewModelProtocol.swift */; };
		45A0CF3A286484EC00AC4B10 /* SimpleNoticeAlert.swift in Sources */ = {isa = PBXBuildFile; fileRef = 45A0CF39286484EC00AC4B10 /* SimpleNoticeAlert.swift */; };
		45A0CF3C2864965B00AC4B10 /* PasswordViewModel.swift in Sources */ = {isa = PBXBuildFile; fileRef = 45A0CF3B2864965B00AC4B10 /* PasswordViewModel.swift */; };
		45A0CF422864B51D00AC4B10 /* SuccessChagePasswordAlert.swift in Sources */ = {isa = PBXBuildFile; fileRef = 45A0CF412864B51D00AC4B10 /* SuccessChagePasswordAlert.swift */; };
/* End PBXBuildFile section */

/* Begin PBXFileReference section */
		451CC2FA27D88BDC0040946B /* Pictures.app */ = {isa = PBXFileReference; explicitFileType = wrapper.application; includeInIndex = 0; path = Pictures.app; sourceTree = BUILT_PRODUCTS_DIR; };
		451CC2FD27D88BDC0040946B /* AppDelegate.swift */ = {isa = PBXFileReference; lastKnownFileType = sourcecode.swift; path = AppDelegate.swift; sourceTree = "<group>"; };
		451CC2FF27D88BDC0040946B /* SceneDelegate.swift */ = {isa = PBXFileReference; lastKnownFileType = sourcecode.swift; path = SceneDelegate.swift; sourceTree = "<group>"; };
		451CC30627D88BDF0040946B /* Assets.xcassets */ = {isa = PBXFileReference; lastKnownFileType = folder.assetcatalog; path = Assets.xcassets; sourceTree = "<group>"; };
		451CC30927D88BDF0040946B /* Base */ = {isa = PBXFileReference; lastKnownFileType = file.storyboard; name = Base; path = Base.lproj/LaunchScreen.storyboard; sourceTree = "<group>"; };
		451CC30B27D88BDF0040946B /* Info.plist */ = {isa = PBXFileReference; lastKnownFileType = text.plist.xml; path = Info.plist; sourceTree = "<group>"; };
		451CC31127D891520040946B /* ItemCollectionViewCell.swift */ = {isa = PBXFileReference; lastKnownFileType = sourcecode.swift; path = ItemCollectionViewCell.swift; sourceTree = "<group>"; };
		451CC31327D8AF9B0040946B /* CreateNewFolderAlert.swift */ = {isa = PBXFileReference; lastKnownFileType = sourcecode.swift; path = CreateNewFolderAlert.swift; sourceTree = "<group>"; };
		451CC31527D8DCAB0040946B /* FilesViewController.swift */ = {isa = PBXFileReference; lastKnownFileType = sourcecode.swift; path = FilesViewController.swift; sourceTree = "<group>"; };
		451CC31727DA238B0040946B /* PhotoViewController.swift */ = {isa = PBXFileReference; lastKnownFileType = sourcecode.swift; path = PhotoViewController.swift; sourceTree = "<group>"; };
		451CC31927DA3D880040946B /* DeleteItemAlert.swift */ = {isa = PBXFileReference; lastKnownFileType = sourcecode.swift; path = DeleteItemAlert.swift; sourceTree = "<group>"; };
		45A0CF0C2861F3EF00AC4B10 /* TabBarController.swift */ = {isa = PBXFileReference; lastKnownFileType = sourcecode.swift; path = TabBarController.swift; sourceTree = "<group>"; };
		45A0CF0F2861F46000AC4B10 /* LoginViewController4.swift */ = {isa = PBXFileReference; lastKnownFileType = sourcecode.swift; path = LoginViewController4.swift; sourceTree = "<group>"; };
		45A0CF132861F4DF00AC4B10 /* KeyChainManager.swift */ = {isa = PBXFileReference; lastKnownFileType = sourcecode.swift; path = KeyChainManager.swift; sourceTree = "<group>"; };
		45A0CF162861F51800AC4B10 /* UserModel.swift */ = {isa = PBXFileReference; lastKnownFileType = sourcecode.swift; path = UserModel.swift; sourceTree = "<group>"; };
		45A0CF192861F56100AC4B10 /* StringExtensions.swift */ = {isa = PBXFileReference; lastKnownFileType = sourcecode.swift; path = StringExtensions.swift; sourceTree = "<group>"; };
		45A0CF1B2861F59800AC4B10 /* SpecialTextField.swift */ = {isa = PBXFileReference; lastKnownFileType = sourcecode.swift; path = SpecialTextField.swift; sourceTree = "<group>"; };
		45A0CF1D2861F5B700AC4B10 /* SpecialNameLabel.swift */ = {isa = PBXFileReference; lastKnownFileType = sourcecode.swift; path = SpecialNameLabel.swift; sourceTree = "<group>"; };
		45A0CF1F2861F5DA00AC4B10 /* IsValidPasswordLabel.swift */ = {isa = PBXFileReference; lastKnownFileType = sourcecode.swift; path = IsValidPasswordLabel.swift; sourceTree = "<group>"; };
		45A0CF212861F5F800AC4B10 /* LogInButton.swift */ = {isa = PBXFileReference; lastKnownFileType = sourcecode.swift; path = LogInButton.swift; sourceTree = "<group>"; };
		45A0CF232861F95D00AC4B10 /* SettingsViewController.swift */ = {isa = PBXFileReference; lastKnownFileType = sourcecode.swift; path = SettingsViewController.swift; sourceTree = "<group>"; };
		45A0CF2528634A8F00AC4B10 /* SortingModel.swift */ = {isa = PBXFileReference; lastKnownFileType = sourcecode.swift; path = SortingModel.swift; sourceTree = "<group>"; };
		45A0CF2728636A7200AC4B10 /* UserDefaultsManager.swift */ = {isa = PBXFileReference; lastKnownFileType = sourcecode.swift; path = UserDefaultsManager.swift; sourceTree = "<group>"; };
		45A0CF292863994200AC4B10 /* SortingBehaviorManager.swift */ = {isa = PBXFileReference; lastKnownFileType = sourcecode.swift; path = SortingBehaviorManager.swift; sourceTree = "<group>"; };
		45A0CF2B2863A9E200AC4B10 /* LoginView.swift */ = {isa = PBXFileReference; lastKnownFileType = sourcecode.swift; path = LoginView.swift; sourceTree = "<group>"; };
		45A0CF2E2863AB7B00AC4B10 /* LoginViewController.swift */ = {isa = PBXFileReference; lastKnownFileType = sourcecode.swift; path = LoginViewController.swift; sourceTree = "<group>"; };
		45A0CF302863AD2A00AC4B10 /* InitialPasswordViewModel.swift */ = {isa = PBXFileReference; lastKnownFileType = sourcecode.swift; path = InitialPasswordViewModel.swift; sourceTree = "<group>"; };
		45A0CF322864734300AC4B10 /* ChangePasswordViewModel.swift */ = {isa = PBXFileReference; lastKnownFileType = sourcecode.swift; path = ChangePasswordViewModel.swift; sourceTree = "<group>"; };
		45A0CF3628647ED400AC4B10 /* LoginViewModelProtocol.swift */ = {isa = PBXFileReference; lastKnownFileType = sourcecode.swift; path = LoginViewModelProtocol.swift; sourceTree = "<group>"; };
		45A0CF39286484EC00AC4B10 /* SimpleNoticeAlert.swift */ = {isa = PBXFileReference; lastKnownFileType = sourcecode.swift; path = SimpleNoticeAlert.swift; sourceTree = "<group>"; };
		45A0CF3B2864965B00AC4B10 /* PasswordViewModel.swift */ = {isa = PBXFileReference; lastKnownFileType = sourcecode.swift; path = PasswordViewModel.swift; sourceTree = "<group>"; };
		45A0CF412864B51D00AC4B10 /* SuccessChagePasswordAlert.swift */ = {isa = PBXFileReference; lastKnownFileType = sourcecode.swift; path = SuccessChagePasswordAlert.swift; sourceTree = "<group>"; };
/* End PBXFileReference section */

/* Begin PBXFrameworksBuildPhase section */
		451CC2F727D88BDC0040946B /* Frameworks */ = {
			isa = PBXFrameworksBuildPhase;
			buildActionMask = 2147483647;
			files = (
			);
			runOnlyForDeploymentPostprocessing = 0;
		};
/* End PBXFrameworksBuildPhase section */

/* Begin PBXGroup section */
		451CC2F127D88BDC0040946B = {
			isa = PBXGroup;
			children = (
				451CC2FC27D88BDC0040946B /* Pictures */,
				45A0CF382864838700AC4B10 /* Trash */,
				451CC2FB27D88BDC0040946B /* Products */,
			);
			sourceTree = "<group>";
		};
		451CC2FB27D88BDC0040946B /* Products */ = {
			isa = PBXGroup;
			children = (
				451CC2FA27D88BDC0040946B /* Pictures.app */,
			);
			name = Products;
			sourceTree = "<group>";
		};
		451CC2FC27D88BDC0040946B /* Pictures */ = {
			isa = PBXGroup;
			children = (
				45A0CF092861F32700AC4B10 /* App */,
				45A0CF152861F50000AC4B10 /* Models */,
				45A0CF2D2863AB5900AC4B10 /* LoginModule */,
				45A0CF402864A5FB00AC4B10 /* FilesModule */,
				45A0CF0E2861F43A00AC4B10 /* OtherControllers */,
				45A0CF112861F4A700AC4B10 /* CustomViews */,
				45A0CF122861F4C900AC4B10 /* Manage */,
				45A0CF182861F53F00AC4B10 /* Extensions */,
				45A0CF0B2861F38300AC4B10 /* Alerts */,
				45A0CF0A2861F34500AC4B10 /* Recources */,
				451CC30B27D88BDF0040946B /* Info.plist */,
			);
			path = Pictures;
			sourceTree = "<group>";
		};
		45A0CF092861F32700AC4B10 /* App */ = {
			isa = PBXGroup;
			children = (
				451CC2FD27D88BDC0040946B /* AppDelegate.swift */,
				451CC2FF27D88BDC0040946B /* SceneDelegate.swift */,
				451CC30827D88BDF0040946B /* LaunchScreen.storyboard */,
			);
			path = App;
			sourceTree = "<group>";
		};
		45A0CF0A2861F34500AC4B10 /* Recources */ = {
			isa = PBXGroup;
			children = (
				451CC30627D88BDF0040946B /* Assets.xcassets */,
			);
			path = Recources;
			sourceTree = "<group>";
		};
		45A0CF0B2861F38300AC4B10 /* Alerts */ = {
			isa = PBXGroup;
			children = (
				451CC31327D8AF9B0040946B /* CreateNewFolderAlert.swift */,
				451CC31927DA3D880040946B /* DeleteItemAlert.swift */,
				45A0CF39286484EC00AC4B10 /* SimpleNoticeAlert.swift */,
				45A0CF412864B51D00AC4B10 /* SuccessChagePasswordAlert.swift */,
			);
			path = Alerts;
			sourceTree = "<group>";
		};
		45A0CF0E2861F43A00AC4B10 /* OtherControllers */ = {
			isa = PBXGroup;
			children = (
				45A0CF0C2861F3EF00AC4B10 /* TabBarController.swift */,
				45A0CF232861F95D00AC4B10 /* SettingsViewController.swift */,
			);
			path = OtherControllers;
			sourceTree = "<group>";
		};
		45A0CF112861F4A700AC4B10 /* CustomViews */ = {
			isa = PBXGroup;
			children = (
				45A0CF1B2861F59800AC4B10 /* SpecialTextField.swift */,
				45A0CF1D2861F5B700AC4B10 /* SpecialNameLabel.swift */,
				45A0CF1F2861F5DA00AC4B10 /* IsValidPasswordLabel.swift */,
				45A0CF212861F5F800AC4B10 /* LogInButton.swift */,
			);
			path = CustomViews;
			sourceTree = "<group>";
		};
		45A0CF122861F4C900AC4B10 /* Manage */ = {
			isa = PBXGroup;
			children = (
				45A0CF132861F4DF00AC4B10 /* KeyChainManager.swift */,
				45A0CF2728636A7200AC4B10 /* UserDefaultsManager.swift */,
				45A0CF292863994200AC4B10 /* SortingBehaviorManager.swift */,
			);
			path = Manage;
			sourceTree = "<group>";
		};
		45A0CF152861F50000AC4B10 /* Models */ = {
			isa = PBXGroup;
			children = (
				45A0CF162861F51800AC4B10 /* UserModel.swift */,
				45A0CF2528634A8F00AC4B10 /* SortingModel.swift */,
			);
			path = Models;
			sourceTree = "<group>";
		};
		45A0CF182861F53F00AC4B10 /* Extensions */ = {
			isa = PBXGroup;
			children = (
				45A0CF192861F56100AC4B10 /* StringExtensions.swift */,
			);
			path = Extensions;
			sourceTree = "<group>";
		};
		45A0CF2D2863AB5900AC4B10 /* LoginModule */ = {
			isa = PBXGroup;
			children = (
				45A0CF3E2864A58100AC4B10 /* Models */,
				45A0CF3D2864A57200AC4B10 /* View */,
				45A0CF3F2864A58C00AC4B10 /* Controller */,
			);
			path = LoginModule;
			sourceTree = "<group>";
		};
		45A0CF382864838700AC4B10 /* Trash */ = {
			isa = PBXGroup;
			children = (
				45A0CF0F2861F46000AC4B10 /* LoginViewController4.swift */,
			);
			path = Trash;
			sourceTree = "<group>";
		};
		45A0CF3D2864A57200AC4B10 /* View */ = {
			isa = PBXGroup;
			children = (
				45A0CF2B2863A9E200AC4B10 /* LoginView.swift */,
			);
			path = View;
			sourceTree = "<group>";
		};
		45A0CF3E2864A58100AC4B10 /* Models */ = {
			isa = PBXGroup;
			children = (
				45A0CF3B2864965B00AC4B10 /* PasswordViewModel.swift */,
				45A0CF302863AD2A00AC4B10 /* InitialPasswordViewModel.swift */,
				45A0CF322864734300AC4B10 /* ChangePasswordViewModel.swift */,
				45A0CF3628647ED400AC4B10 /* LoginViewModelProtocol.swift */,
			);
			path = Models;
			sourceTree = "<group>";
		};
		45A0CF3F2864A58C00AC4B10 /* Controller */ = {
			isa = PBXGroup;
			children = (
				45A0CF2E2863AB7B00AC4B10 /* LoginViewController.swift */,
			);
			path = Controller;
			sourceTree = "<group>";
		};
		45A0CF402864A5FB00AC4B10 /* FilesModule */ = {
			isa = PBXGroup;
			children = (
				451CC31527D8DCAB0040946B /* FilesViewController.swift */,
				451CC31127D891520040946B /* ItemCollectionViewCell.swift */,
				451CC31727DA238B0040946B /* PhotoViewController.swift */,
			);
			path = FilesModule;
			sourceTree = "<group>";
		};
/* End PBXGroup section */

/* Begin PBXNativeTarget section */
		451CC2F927D88BDC0040946B /* Pictures */ = {
			isa = PBXNativeTarget;
			buildConfigurationList = 451CC30E27D88BDF0040946B /* Build configuration list for PBXNativeTarget "Pictures" */;
			buildPhases = (
				451CC2F627D88BDC0040946B /* Sources */,
				451CC2F727D88BDC0040946B /* Frameworks */,
				451CC2F827D88BDC0040946B /* Resources */,
			);
			buildRules = (
			);
			dependencies = (
			);
			name = Pictures;
			productName = Pictures;
			productReference = 451CC2FA27D88BDC0040946B /* Pictures.app */;
			productType = "com.apple.product-type.application";
		};
/* End PBXNativeTarget section */

/* Begin PBXProject section */
		451CC2F227D88BDC0040946B /* Project object */ = {
			isa = PBXProject;
			attributes = {
				BuildIndependentTargetsInParallel = 1;
				LastSwiftUpdateCheck = 1320;
				LastUpgradeCheck = 1320;
				TargetAttributes = {
					451CC2F927D88BDC0040946B = {
						CreatedOnToolsVersion = 13.2.1;
					};
				};
			};
			buildConfigurationList = 451CC2F527D88BDC0040946B /* Build configuration list for PBXProject "Pictures" */;
			compatibilityVersion = "Xcode 13.0";
			developmentRegion = en;
			hasScannedForEncodings = 0;
			knownRegions = (
				en,
				Base,
			);
			mainGroup = 451CC2F127D88BDC0040946B;
			productRefGroup = 451CC2FB27D88BDC0040946B /* Products */;
			projectDirPath = "";
			projectRoot = "";
			targets = (
				451CC2F927D88BDC0040946B /* Pictures */,
			);
		};
/* End PBXProject section */

/* Begin PBXResourcesBuildPhase section */
		451CC2F827D88BDC0040946B /* Resources */ = {
			isa = PBXResourcesBuildPhase;
			buildActionMask = 2147483647;
			files = (
				451CC30A27D88BDF0040946B /* LaunchScreen.storyboard in Resources */,
				451CC30727D88BDF0040946B /* Assets.xcassets in Resources */,
			);
			runOnlyForDeploymentPostprocessing = 0;
		};
/* End PBXResourcesBuildPhase section */

/* Begin PBXSourcesBuildPhase section */
		451CC2F627D88BDC0040946B /* Sources */ = {
			isa = PBXSourcesBuildPhase;
			buildActionMask = 2147483647;
			files = (
				45A0CF1A2861F56100AC4B10 /* StringExtensions.swift in Sources */,
				45A0CF222861F5F800AC4B10 /* LogInButton.swift in Sources */,
				45A0CF1C2861F59800AC4B10 /* SpecialTextField.swift in Sources */,
				45A0CF102861F46000AC4B10 /* LoginViewController4.swift in Sources */,
				451CC31827DA238B0040946B /* PhotoViewController.swift in Sources */,
				45A0CF2828636A7200AC4B10 /* UserDefaultsManager.swift in Sources */,
				45A0CF2A2863994200AC4B10 /* SortingBehaviorManager.swift in Sources */,
				45A0CF332864734300AC4B10 /* ChangePasswordViewModel.swift in Sources */,
				45A0CF0D2861F3EF00AC4B10 /* TabBarController.swift in Sources */,
				451CC31627D8DCAB0040946B /* FilesViewController.swift in Sources */,
				451CC31427D8AF9B0040946B /* CreateNewFolderAlert.swift in Sources */,
				451CC31227D891520040946B /* ItemCollectionViewCell.swift in Sources */,
				45A0CF2F2863AB7B00AC4B10 /* LoginViewController.swift in Sources */,
				451CC2FE27D88BDC0040946B /* AppDelegate.swift in Sources */,
				45A0CF312863AD2A00AC4B10 /* InitialPasswordViewModel.swift in Sources */,
				45A0CF142861F4DF00AC4B10 /* KeyChainManager.swift in Sources */,
				451CC31A27DA3D880040946B /* DeleteItemAlert.swift in Sources */,
				45A0CF3728647ED400AC4B10 /* LoginViewModelProtocol.swift in Sources */,
				45A0CF422864B51D00AC4B10 /* SuccessChagePasswordAlert.swift in Sources */,
				45A0CF242861F95D00AC4B10 /* SettingsViewController.swift in Sources */,
				45A0CF2C2863A9E200AC4B10 /* LoginView.swift in Sources */,
				45A0CF1E2861F5B700AC4B10 /* SpecialNameLabel.swift in Sources */,
				451CC30027D88BDC0040946B /* SceneDelegate.swift in Sources */,
				45A0CF202861F5DA00AC4B10 /* IsValidPasswordLabel.swift in Sources */,
				45A0CF3C2864965B00AC4B10 /* PasswordViewModel.swift in Sources */,
				45A0CF3A286484EC00AC4B10 /* SimpleNoticeAlert.swift in Sources */,
				45A0CF2628634A8F00AC4B10 /* SortingModel.swift in Sources */,
				45A0CF172861F51800AC4B10 /* UserModel.swift in Sources */,
			);
			runOnlyForDeploymentPostprocessing = 0;
		};
/* End PBXSourcesBuildPhase section */

/* Begin PBXVariantGroup section */
		451CC30827D88BDF0040946B /* LaunchScreen.storyboard */ = {
			isa = PBXVariantGroup;
			children = (
				451CC30927D88BDF0040946B /* Base */,
			);
			name = LaunchScreen.storyboard;
			sourceTree = "<group>";
		};
/* End PBXVariantGroup section */

/* Begin XCBuildConfiguration section */
		451CC30C27D88BDF0040946B /* Debug */ = {
			isa = XCBuildConfiguration;
			buildSettings = {
				ALWAYS_SEARCH_USER_PATHS = NO;
				CLANG_ANALYZER_NONNULL = YES;
				CLANG_ANALYZER_NUMBER_OBJECT_CONVERSION = YES_AGGRESSIVE;
				CLANG_CXX_LANGUAGE_STANDARD = "gnu++17";
				CLANG_CXX_LIBRARY = "libc++";
				CLANG_ENABLE_MODULES = YES;
				CLANG_ENABLE_OBJC_ARC = YES;
				CLANG_ENABLE_OBJC_WEAK = YES;
				CLANG_WARN_BLOCK_CAPTURE_AUTORELEASING = YES;
				CLANG_WARN_BOOL_CONVERSION = YES;
				CLANG_WARN_COMMA = YES;
				CLANG_WARN_CONSTANT_CONVERSION = YES;
				CLANG_WARN_DEPRECATED_OBJC_IMPLEMENTATIONS = YES;
				CLANG_WARN_DIRECT_OBJC_ISA_USAGE = YES_ERROR;
				CLANG_WARN_DOCUMENTATION_COMMENTS = YES;
				CLANG_WARN_EMPTY_BODY = YES;
				CLANG_WARN_ENUM_CONVERSION = YES;
				CLANG_WARN_INFINITE_RECURSION = YES;
				CLANG_WARN_INT_CONVERSION = YES;
				CLANG_WARN_NON_LITERAL_NULL_CONVERSION = YES;
				CLANG_WARN_OBJC_IMPLICIT_RETAIN_SELF = YES;
				CLANG_WARN_OBJC_LITERAL_CONVERSION = YES;
				CLANG_WARN_OBJC_ROOT_CLASS = YES_ERROR;
				CLANG_WARN_QUOTED_INCLUDE_IN_FRAMEWORK_HEADER = YES;
				CLANG_WARN_RANGE_LOOP_ANALYSIS = YES;
				CLANG_WARN_STRICT_PROTOTYPES = YES;
				CLANG_WARN_SUSPICIOUS_MOVE = YES;
				CLANG_WARN_UNGUARDED_AVAILABILITY = YES_AGGRESSIVE;
				CLANG_WARN_UNREACHABLE_CODE = YES;
				CLANG_WARN__DUPLICATE_METHOD_MATCH = YES;
				COPY_PHASE_STRIP = NO;
				DEBUG_INFORMATION_FORMAT = dwarf;
				ENABLE_STRICT_OBJC_MSGSEND = YES;
				ENABLE_TESTABILITY = YES;
				GCC_C_LANGUAGE_STANDARD = gnu11;
				GCC_DYNAMIC_NO_PIC = NO;
				GCC_NO_COMMON_BLOCKS = YES;
				GCC_OPTIMIZATION_LEVEL = 0;
				GCC_PREPROCESSOR_DEFINITIONS = (
					"DEBUG=1",
					"$(inherited)",
				);
				GCC_WARN_64_TO_32_BIT_CONVERSION = YES;
				GCC_WARN_ABOUT_RETURN_TYPE = YES_ERROR;
				GCC_WARN_UNDECLARED_SELECTOR = YES;
				GCC_WARN_UNINITIALIZED_AUTOS = YES_AGGRESSIVE;
				GCC_WARN_UNUSED_FUNCTION = YES;
				GCC_WARN_UNUSED_VARIABLE = YES;
				IPHONEOS_DEPLOYMENT_TARGET = 15.2;
				MTL_ENABLE_DEBUG_INFO = INCLUDE_SOURCE;
				MTL_FAST_MATH = YES;
				ONLY_ACTIVE_ARCH = YES;
				SDKROOT = iphoneos;
				SWIFT_ACTIVE_COMPILATION_CONDITIONS = DEBUG;
				SWIFT_OPTIMIZATION_LEVEL = "-Onone";
			};
			name = Debug;
		};
		451CC30D27D88BDF0040946B /* Release */ = {
			isa = XCBuildConfiguration;
			buildSettings = {
				ALWAYS_SEARCH_USER_PATHS = NO;
				CLANG_ANALYZER_NONNULL = YES;
				CLANG_ANALYZER_NUMBER_OBJECT_CONVERSION = YES_AGGRESSIVE;
				CLANG_CXX_LANGUAGE_STANDARD = "gnu++17";
				CLANG_CXX_LIBRARY = "libc++";
				CLANG_ENABLE_MODULES = YES;
				CLANG_ENABLE_OBJC_ARC = YES;
				CLANG_ENABLE_OBJC_WEAK = YES;
				CLANG_WARN_BLOCK_CAPTURE_AUTORELEASING = YES;
				CLANG_WARN_BOOL_CONVERSION = YES;
				CLANG_WARN_COMMA = YES;
				CLANG_WARN_CONSTANT_CONVERSION = YES;
				CLANG_WARN_DEPRECATED_OBJC_IMPLEMENTATIONS = YES;
				CLANG_WARN_DIRECT_OBJC_ISA_USAGE = YES_ERROR;
				CLANG_WARN_DOCUMENTATION_COMMENTS = YES;
				CLANG_WARN_EMPTY_BODY = YES;
				CLANG_WARN_ENUM_CONVERSION = YES;
				CLANG_WARN_INFINITE_RECURSION = YES;
				CLANG_WARN_INT_CONVERSION = YES;
				CLANG_WARN_NON_LITERAL_NULL_CONVERSION = YES;
				CLANG_WARN_OBJC_IMPLICIT_RETAIN_SELF = YES;
				CLANG_WARN_OBJC_LITERAL_CONVERSION = YES;
				CLANG_WARN_OBJC_ROOT_CLASS = YES_ERROR;
				CLANG_WARN_QUOTED_INCLUDE_IN_FRAMEWORK_HEADER = YES;
				CLANG_WARN_RANGE_LOOP_ANALYSIS = YES;
				CLANG_WARN_STRICT_PROTOTYPES = YES;
				CLANG_WARN_SUSPICIOUS_MOVE = YES;
				CLANG_WARN_UNGUARDED_AVAILABILITY = YES_AGGRESSIVE;
				CLANG_WARN_UNREACHABLE_CODE = YES;
				CLANG_WARN__DUPLICATE_METHOD_MATCH = YES;
				COPY_PHASE_STRIP = NO;
				DEBUG_INFORMATION_FORMAT = "dwarf-with-dsym";
				ENABLE_NS_ASSERTIONS = NO;
				ENABLE_STRICT_OBJC_MSGSEND = YES;
				GCC_C_LANGUAGE_STANDARD = gnu11;
				GCC_NO_COMMON_BLOCKS = YES;
				GCC_WARN_64_TO_32_BIT_CONVERSION = YES;
				GCC_WARN_ABOUT_RETURN_TYPE = YES_ERROR;
				GCC_WARN_UNDECLARED_SELECTOR = YES;
				GCC_WARN_UNINITIALIZED_AUTOS = YES_AGGRESSIVE;
				GCC_WARN_UNUSED_FUNCTION = YES;
				GCC_WARN_UNUSED_VARIABLE = YES;
				IPHONEOS_DEPLOYMENT_TARGET = 15.2;
				MTL_ENABLE_DEBUG_INFO = NO;
				MTL_FAST_MATH = YES;
				SDKROOT = iphoneos;
				SWIFT_COMPILATION_MODE = wholemodule;
				SWIFT_OPTIMIZATION_LEVEL = "-O";
				VALIDATE_PRODUCT = YES;
			};
			name = Release;
		};
		451CC30F27D88BDF0040946B /* Debug */ = {
			isa = XCBuildConfiguration;
			buildSettings = {
				ASSETCATALOG_COMPILER_APPICON_NAME = AppIcon;
				ASSETCATALOG_COMPILER_GLOBAL_ACCENT_COLOR_NAME = AccentColor;
				CODE_SIGN_STYLE = Automatic;
				CURRENT_PROJECT_VERSION = 1;
				DEVELOPMENT_TEAM = 6WTM73J33R;
				GENERATE_INFOPLIST_FILE = YES;
				INFOPLIST_FILE = Pictures/Info.plist;
				INFOPLIST_KEY_UIApplicationSupportsIndirectInputEvents = YES;
				INFOPLIST_KEY_UILaunchStoryboardName = LaunchScreen;
				INFOPLIST_KEY_UISupportedInterfaceOrientations_iPad = "UIInterfaceOrientationPortrait UIInterfaceOrientationPortraitUpsideDown UIInterfaceOrientationLandscapeLeft UIInterfaceOrientationLandscapeRight";
				INFOPLIST_KEY_UISupportedInterfaceOrientations_iPhone = "UIInterfaceOrientationPortrait UIInterfaceOrientationLandscapeLeft UIInterfaceOrientationLandscapeRight";
				LD_RUNPATH_SEARCH_PATHS = (
					"$(inherited)",
					"@executable_path/Frameworks",
				);
				MARKETING_VERSION = 1.0;
				PRODUCT_BUNDLE_IDENTIFIER = myLearning.Pictures;
				PRODUCT_NAME = "$(TARGET_NAME)";
				SWIFT_EMIT_LOC_STRINGS = YES;
				SWIFT_VERSION = 5.0;
				TARGETED_DEVICE_FAMILY = "1,2";
			};
			name = Debug;
		};
		451CC31027D88BDF0040946B /* Release */ = {
			isa = XCBuildConfiguration;
			buildSettings = {
				ASSETCATALOG_COMPILER_APPICON_NAME = AppIcon;
				ASSETCATALOG_COMPILER_GLOBAL_ACCENT_COLOR_NAME = AccentColor;
				CODE_SIGN_STYLE = Automatic;
				CURRENT_PROJECT_VERSION = 1;
				DEVELOPMENT_TEAM = 6WTM73J33R;
				GENERATE_INFOPLIST_FILE = YES;
				INFOPLIST_FILE = Pictures/Info.plist;
				INFOPLIST_KEY_UIApplicationSupportsIndirectInputEvents = YES;
				INFOPLIST_KEY_UILaunchStoryboardName = LaunchScreen;
				INFOPLIST_KEY_UISupportedInterfaceOrientations_iPad = "UIInterfaceOrientationPortrait UIInterfaceOrientationPortraitUpsideDown UIInterfaceOrientationLandscapeLeft UIInterfaceOrientationLandscapeRight";
				INFOPLIST_KEY_UISupportedInterfaceOrientations_iPhone = "UIInterfaceOrientationPortrait UIInterfaceOrientationLandscapeLeft UIInterfaceOrientationLandscapeRight";
				LD_RUNPATH_SEARCH_PATHS = (
					"$(inherited)",
					"@executable_path/Frameworks",
				);
				MARKETING_VERSION = 1.0;
				PRODUCT_BUNDLE_IDENTIFIER = myLearning.Pictures;
				PRODUCT_NAME = "$(TARGET_NAME)";
				SWIFT_EMIT_LOC_STRINGS = YES;
				SWIFT_VERSION = 5.0;
				TARGETED_DEVICE_FAMILY = "1,2";
			};
			name = Release;
		};
/* End XCBuildConfiguration section */

/* Begin XCConfigurationList section */
		451CC2F527D88BDC0040946B /* Build configuration list for PBXProject "Pictures" */ = {
			isa = XCConfigurationList;
			buildConfigurations = (
				451CC30C27D88BDF0040946B /* Debug */,
				451CC30D27D88BDF0040946B /* Release */,
			);
			defaultConfigurationIsVisible = 0;
			defaultConfigurationName = Release;
		};
		451CC30E27D88BDF0040946B /* Build configuration list for PBXNativeTarget "Pictures" */ = {
			isa = XCConfigurationList;
			buildConfigurations = (
				451CC30F27D88BDF0040946B /* Debug */,
				451CC31027D88BDF0040946B /* Release */,
			);
			defaultConfigurationIsVisible = 0;
			defaultConfigurationName = Release;
		};
/* End XCConfigurationList section */
	};
	rootObject = 451CC2F227D88BDC0040946B /* Project object */;
}
