// !$*UTF8*$!
{
	archiveVersion = 1;
	classes = {
	};
	objectVersion = 55;
	objects = {

/* Begin PBXBuildFile section */
		451CC2FE27D88BDC0040946B /* AppDelegate.swift in Sources */ = {isa = PBXBuildFile; fileRef = 451CC2FD27D88BDC0040946B /* AppDelegate.swift */; };
		451CC30027D88BDC0040946B /* SceneDelegate.swift in Sources */ = {isa = PBXBuildFile; fileRef = 451CC2FF27D88BDC0040946B /* SceneDelegate.swift */; };
		451CC30727D88BDF0040946B /* Assets.xcassets in Resources */ = {isa = PBXBuildFile; fileRef = 451CC30627D88BDF0040946B /* Assets.xcassets */; };
		451CC30A27D88BDF0040946B /* LaunchScreen.storyboard in Resources */ = {isa = PBXBuildFile; fileRef = 451CC30827D88BDF0040946B /* LaunchScreen.storyboard */; };
		451CC31227D891520040946B /* ItemCollectionViewCell.swift in Sources */ = {isa = PBXBuildFile; fileRef = 451CC31127D891520040946B /* ItemCollectionViewCell.swift */; };
		451CC31427D8AF9B0040946B /* CreateNewFolderAlert.swift in Sources */ = {isa = PBXBuildFile; fileRef = 451CC31327D8AF9B0040946B /* CreateNewFolderAlert.swift */; };
		451CC31627D8DCAB0040946B /* CollectionViewController.swift in Sources */ = {isa = PBXBuildFile; fileRef = 451CC31527D8DCAB0040946B /* CollectionViewController.swift */; };
		451CC31827DA238B0040946B /* PhotoViewController.swift in Sources */ = {isa = PBXBuildFile; fileRef = 451CC31727DA238B0040946B /* PhotoViewController.swift */; };
		451CC31A27DA3D880040946B /* DeleteItemAlert.swift in Sources */ = {isa = PBXBuildFile; fileRef = 451CC31927DA3D880040946B /* DeleteItemAlert.swift */; };
/* End PBXBuildFile section */

/* Begin PBXFileReference section */
		451CC2FA27D88BDC0040946B /* Pictures.app */ = {isa = PBXFileReference; explicitFileType = wrapper.application; includeInIndex = 0; path = Pictures.app; sourceTree = BUILT_PRODUCTS_DIR; };
		451CC2FD27D88BDC0040946B /* AppDelegate.swift */ = {isa = PBXFileReference; lastKnownFileType = sourcecode.swift; path = AppDelegate.swift; sourceTree = "<group>"; };
		451CC2FF27D88BDC0040946B /* SceneDelegate.swift */ = {isa = PBXFileReference; lastKnownFileType = sourcecode.swift; path = SceneDelegate.swift; sourceTree = "<group>"; };
		451CC30627D88BDF0040946B /* Assets.xcassets */ = {isa = PBXFileReference; lastKnownFileType = folder.assetcatalog; path = Assets.xcassets; sourceTree = "<group>"; };
		451CC30927D88BDF0040946B /* Base */ = {isa = PBXFileReference; lastKnownFileType = file.storyboard; name = Base; path = Base.lproj/LaunchScreen.storyboard; sourceTree = "<group>"; };
		451CC30B27D88BDF0040946B /* Info.plist */ = {isa = PBXFileReference; lastKnownFileType = text.plist.xml; path = Info.plist; sourceTree = "<group>"; };
		451CC31127D891520040946B /* ItemCollectionViewCell.swift */ = {isa = PBXFileReference; lastKnownFileType = sourcecode.swift; path = ItemCollectionViewCell.swift; sourceTree = "<group>"; };
		451CC31327D8AF9B0040946B /* CreateNewFolderAlert.swift */ = {isa = PBXFileReference; lastKnownFileType = sourcecode.swift; path = CreateNewFolderAlert.swift; sourceTree = "<group>"; };
		451CC31527D8DCAB0040946B /* CollectionViewController.swift */ = {isa = PBXFileReference; lastKnownFileType = sourcecode.swift; path = CollectionViewController.swift; sourceTree = "<group>"; };
		451CC31727DA238B0040946B /* PhotoViewController.swift */ = {isa = PBXFileReference; lastKnownFileType = sourcecode.swift; path = PhotoViewController.swift; sourceTree = "<group>"; };
		451CC31927DA3D880040946B /* DeleteItemAlert.swift */ = {isa = PBXFileReference; lastKnownFileType = sourcecode.swift; path = DeleteItemAlert.swift; sourceTree = "<group>"; };
/* End PBXFileReference section */

/* Begin PBXFrameworksBuildPhase section */
		451CC2F727D88BDC0040946B /* Frameworks */ = {
			isa = PBXFrameworksBuildPhase;
			buildActionMask = 2147483647;
			files = (
			);
			runOnlyForDeploymentPostprocessing = 0;
		};
/* End PBXFrameworksBuildPhase section */

/* Begin PBXGroup section */
		451CC2F127D88BDC0040946B = {
			isa = PBXGroup;
			children = (
				451CC2FC27D88BDC0040946B /* Pictures */,
				451CC2FB27D88BDC0040946B /* Products */,
			);
			sourceTree = "<group>";
		};
		451CC2FB27D88BDC0040946B /* Products */ = {
			isa = PBXGroup;
			children = (
				451CC2FA27D88BDC0040946B /* Pictures.app */,
			);
			name = Products;
			sourceTree = "<group>";
		};
		451CC2FC27D88BDC0040946B /* Pictures */ = {
			isa = PBXGroup;
			children = (
				451CC2FD27D88BDC0040946B /* AppDelegate.swift */,
				451CC2FF27D88BDC0040946B /* SceneDelegate.swift */,
				451CC31527D8DCAB0040946B /* CollectionViewController.swift */,
				451CC31327D8AF9B0040946B /* CreateNewFolderAlert.swift */,
				451CC31927DA3D880040946B /* DeleteItemAlert.swift */,
				451CC31127D891520040946B /* ItemCollectionViewCell.swift */,
				451CC31727DA238B0040946B /* PhotoViewController.swift */,
				451CC30627D88BDF0040946B /* Assets.xcassets */,
				451CC30827D88BDF0040946B /* LaunchScreen.storyboard */,
				451CC30B27D88BDF0040946B /* Info.plist */,
			);
			path = Pictures;
			sourceTree = "<group>";
		};
/* End PBXGroup section */

/* Begin PBXNativeTarget section */
		451CC2F927D88BDC0040946B /* Pictures */ = {
			isa = PBXNativeTarget;
			buildConfigurationList = 451CC30E27D88BDF0040946B /* Build configuration list for PBXNativeTarget "Pictures" */;
			buildPhases = (
				451CC2F627D88BDC0040946B /* Sources */,
				451CC2F727D88BDC0040946B /* Frameworks */,
				451CC2F827D88BDC0040946B /* Resources */,
			);
			buildRules = (
			);
			dependencies = (
			);
			name = Pictures;
			productName = Pictures;
			productReference = 451CC2FA27D88BDC0040946B /* Pictures.app */;
			productType = "com.apple.product-type.application";
		};
/* End PBXNativeTarget section */

/* Begin PBXProject section */
		451CC2F227D88BDC0040946B /* Project object */ = {
			isa = PBXProject;
			attributes = {
				BuildIndependentTargetsInParallel = 1;
				LastSwiftUpdateCheck = 1320;
				LastUpgradeCheck = 1320;
				TargetAttributes = {
					451CC2F927D88BDC0040946B = {
						CreatedOnToolsVersion = 13.2.1;
					};
				};
			};
			buildConfigurationList = 451CC2F527D88BDC0040946B /* Build configuration list for PBXProject "Pictures" */;
			compatibilityVersion = "Xcode 13.0";
			developmentRegion = en;
			hasScannedForEncodings = 0;
			knownRegions = (
				en,
				Base,
			);
			mainGroup = 451CC2F127D88BDC0040946B;
			productRefGroup = 451CC2FB27D88BDC0040946B /* Products */;
			projectDirPath = "";
			projectRoot = "";
			targets = (
				451CC2F927D88BDC0040946B /* Pictures */,
			);
		};
/* End PBXProject section */

/* Begin PBXResourcesBuildPhase section */
		451CC2F827D88BDC0040946B /* Resources */ = {
			isa = PBXResourcesBuildPhase;
			buildActionMask = 2147483647;
			files = (
				451CC30A27D88BDF0040946B /* LaunchScreen.storyboard in Resources */,
				451CC30727D88BDF0040946B /* Assets.xcassets in Resources */,
			);
			runOnlyForDeploymentPostprocessing = 0;
		};
/* End PBXResourcesBuildPhase section */

/* Begin PBXSourcesBuildPhase section */
		451CC2F627D88BDC0040946B /* Sources */ = {
			isa = PBXSourcesBuildPhase;
			buildActionMask = 2147483647;
			files = (
				451CC31827DA238B0040946B /* PhotoViewController.swift in Sources */,
				451CC31627D8DCAB0040946B /* CollectionViewController.swift in Sources */,
				451CC31427D8AF9B0040946B /* CreateNewFolderAlert.swift in Sources */,
				451CC31227D891520040946B /* ItemCollectionViewCell.swift in Sources */,
				451CC2FE27D88BDC0040946B /* AppDelegate.swift in Sources */,
				451CC31A27DA3D880040946B /* DeleteItemAlert.swift in Sources */,
				451CC30027D88BDC0040946B /* SceneDelegate.swift in Sources */,
			);
			runOnlyForDeploymentPostprocessing = 0;
		};
/* End PBXSourcesBuildPhase section */

/* Begin PBXVariantGroup section */
		451CC30827D88BDF0040946B /* LaunchScreen.storyboard */ = {
			isa = PBXVariantGroup;
			children = (
				451CC30927D88BDF0040946B /* Base */,
			);
			name = LaunchScreen.storyboard;
			sourceTree = "<group>";
		};
/* End PBXVariantGroup section */

/* Begin XCBuildConfiguration section */
		451CC30C27D88BDF0040946B /* Debug */ = {
			isa = XCBuildConfiguration;
			buildSettings = {
				ALWAYS_SEARCH_USER_PATHS = NO;
				CLANG_ANALYZER_NONNULL = YES;
				CLANG_ANALYZER_NUMBER_OBJECT_CONVERSION = YES_AGGRESSIVE;
				CLANG_CXX_LANGUAGE_STANDARD = "gnu++17";
				CLANG_CXX_LIBRARY = "libc++";
				CLANG_ENABLE_MODULES = YES;
				CLANG_ENABLE_OBJC_ARC = YES;
				CLANG_ENABLE_OBJC_WEAK = YES;
				CLANG_WARN_BLOCK_CAPTURE_AUTORELEASING = YES;
				CLANG_WARN_BOOL_CONVERSION = YES;
				CLANG_WARN_COMMA = YES;
				CLANG_WARN_CONSTANT_CONVERSION = YES;
				CLANG_WARN_DEPRECATED_OBJC_IMPLEMENTATIONS = YES;
				CLANG_WARN_DIRECT_OBJC_ISA_USAGE = YES_ERROR;
				CLANG_WARN_DOCUMENTATION_COMMENTS = YES;
				CLANG_WARN_EMPTY_BODY = YES;
				CLANG_WARN_ENUM_CONVERSION = YES;
				CLANG_WARN_INFINITE_RECURSION = YES;
				CLANG_WARN_INT_CONVERSION = YES;
				CLANG_WARN_NON_LITERAL_NULL_CONVERSION = YES;
				CLANG_WARN_OBJC_IMPLICIT_RETAIN_SELF = YES;
				CLANG_WARN_OBJC_LITERAL_CONVERSION = YES;
				CLANG_WARN_OBJC_ROOT_CLASS = YES_ERROR;
				CLANG_WARN_QUOTED_INCLUDE_IN_FRAMEWORK_HEADER = YES;
				CLANG_WARN_RANGE_LOOP_ANALYSIS = YES;
				CLANG_WARN_STRICT_PROTOTYPES = YES;
				CLANG_WARN_SUSPICIOUS_MOVE = YES;
				CLANG_WARN_UNGUARDED_AVAILABILITY = YES_AGGRESSIVE;
				CLANG_WARN_UNREACHABLE_CODE = YES;
				CLANG_WARN__DUPLICATE_METHOD_MATCH = YES;
				COPY_PHASE_STRIP = NO;
				DEBUG_INFORMATION_FORMAT = dwarf;
				ENABLE_STRICT_OBJC_MSGSEND = YES;
				ENABLE_TESTABILITY = YES;
				GCC_C_LANGUAGE_STANDARD = gnu11;
				GCC_DYNAMIC_NO_PIC = NO;
				GCC_NO_COMMON_BLOCKS = YES;
				GCC_OPTIMIZATION_LEVEL = 0;
				GCC_PREPROCESSOR_DEFINITIONS = (
					"DEBUG=1",
					"$(inherited)",
				);
				GCC_WARN_64_TO_32_BIT_CONVERSION = YES;
				GCC_WARN_ABOUT_RETURN_TYPE = YES_ERROR;
				GCC_WARN_UNDECLARED_SELECTOR = YES;
				GCC_WARN_UNINITIALIZED_AUTOS = YES_AGGRESSIVE;
				GCC_WARN_UNUSED_FUNCTION = YES;
				GCC_WARN_UNUSED_VARIABLE = YES;
				IPHONEOS_DEPLOYMENT_TARGET = 15.2;
				MTL_ENABLE_DEBUG_INFO = INCLUDE_SOURCE;
				MTL_FAST_MATH = YES;
				ONLY_ACTIVE_ARCH = YES;
				SDKROOT = iphoneos;
				SWIFT_ACTIVE_COMPILATION_CONDITIONS = DEBUG;
				SWIFT_OPTIMIZATION_LEVEL = "-Onone";
			};
			name = Debug;
		};
		451CC30D27D88BDF0040946B /* Release */ = {
			isa = XCBuildConfiguration;
			buildSettings = {
				ALWAYS_SEARCH_USER_PATHS = NO;
				CLANG_ANALYZER_NONNULL = YES;
				CLANG_ANALYZER_NUMBER_OBJECT_CONVERSION = YES_AGGRESSIVE;
				CLANG_CXX_LANGUAGE_STANDARD = "gnu++17";
				CLANG_CXX_LIBRARY = "libc++";
				CLANG_ENABLE_MODULES = YES;
				CLANG_ENABLE_OBJC_ARC = YES;
				CLANG_ENABLE_OBJC_WEAK = YES;
				CLANG_WARN_BLOCK_CAPTURE_AUTORELEASING = YES;
				CLANG_WARN_BOOL_CONVERSION = YES;
				CLANG_WARN_COMMA = YES;
				CLANG_WARN_CONSTANT_CONVERSION = YES;
				CLANG_WARN_DEPRECATED_OBJC_IMPLEMENTATIONS = YES;
				CLANG_WARN_DIRECT_OBJC_ISA_USAGE = YES_ERROR;
				CLANG_WARN_DOCUMENTATION_COMMENTS = YES;
				CLANG_WARN_EMPTY_BODY = YES;
				CLANG_WARN_ENUM_CONVERSION = YES;
				CLANG_WARN_INFINITE_RECURSION = YES;
				CLANG_WARN_INT_CONVERSION = YES;
				CLANG_WARN_NON_LITERAL_NULL_CONVERSION = YES;
				CLANG_WARN_OBJC_IMPLICIT_RETAIN_SELF = YES;
				CLANG_WARN_OBJC_LITERAL_CONVERSION = YES;
				CLANG_WARN_OBJC_ROOT_CLASS = YES_ERROR;
				CLANG_WARN_QUOTED_INCLUDE_IN_FRAMEWORK_HEADER = YES;
				CLANG_WARN_RANGE_LOOP_ANALYSIS = YES;
				CLANG_WARN_STRICT_PROTOTYPES = YES;
				CLANG_WARN_SUSPICIOUS_MOVE = YES;
				CLANG_WARN_UNGUARDED_AVAILABILITY = YES_AGGRESSIVE;
				CLANG_WARN_UNREACHABLE_CODE = YES;
				CLANG_WARN__DUPLICATE_METHOD_MATCH = YES;
				COPY_PHASE_STRIP = NO;
				DEBUG_INFORMATION_FORMAT = "dwarf-with-dsym";
				ENABLE_NS_ASSERTIONS = NO;
				ENABLE_STRICT_OBJC_MSGSEND = YES;
				GCC_C_LANGUAGE_STANDARD = gnu11;
				GCC_NO_COMMON_BLOCKS = YES;
				GCC_WARN_64_TO_32_BIT_CONVERSION = YES;
				GCC_WARN_ABOUT_RETURN_TYPE = YES_ERROR;
				GCC_WARN_UNDECLARED_SELECTOR = YES;
				GCC_WARN_UNINITIALIZED_AUTOS = YES_AGGRESSIVE;
				GCC_WARN_UNUSED_FUNCTION = YES;
				GCC_WARN_UNUSED_VARIABLE = YES;
				IPHONEOS_DEPLOYMENT_TARGET = 15.2;
				MTL_ENABLE_DEBUG_INFO = NO;
				MTL_FAST_MATH = YES;
				SDKROOT = iphoneos;
				SWIFT_COMPILATION_MODE = wholemodule;
				SWIFT_OPTIMIZATION_LEVEL = "-O";
				VALIDATE_PRODUCT = YES;
			};
			name = Release;
		};
		451CC30F27D88BDF0040946B /* Debug */ = {
			isa = XCBuildConfiguration;
			buildSettings = {
				ASSETCATALOG_COMPILER_APPICON_NAME = AppIcon;
				ASSETCATALOG_COMPILER_GLOBAL_ACCENT_COLOR_NAME = AccentColor;
				CODE_SIGN_STYLE = Automatic;
				CURRENT_PROJECT_VERSION = 1;
				DEVELOPMENT_TEAM = 6WTM73J33R;
				GENERATE_INFOPLIST_FILE = YES;
				INFOPLIST_FILE = Pictures/Info.plist;
				INFOPLIST_KEY_UIApplicationSupportsIndirectInputEvents = YES;
				INFOPLIST_KEY_UILaunchStoryboardName = LaunchScreen;
				INFOPLIST_KEY_UISupportedInterfaceOrientations_iPad = "UIInterfaceOrientationPortrait UIInterfaceOrientationPortraitUpsideDown UIInterfaceOrientationLandscapeLeft UIInterfaceOrientationLandscapeRight";
				INFOPLIST_KEY_UISupportedInterfaceOrientations_iPhone = "UIInterfaceOrientationPortrait UIInterfaceOrientationLandscapeLeft UIInterfaceOrientationLandscapeRight";
				LD_RUNPATH_SEARCH_PATHS = (
					"$(inherited)",
					"@executable_path/Frameworks",
				);
				MARKETING_VERSION = 1.0;
				PRODUCT_BUNDLE_IDENTIFIER = myLearning.Pictures;
				PRODUCT_NAME = "$(TARGET_NAME)";
				SWIFT_EMIT_LOC_STRINGS = YES;
				SWIFT_VERSION = 5.0;
				TARGETED_DEVICE_FAMILY = "1,2";
			};
			name = Debug;
		};
		451CC31027D88BDF0040946B /* Release */ = {
			isa = XCBuildConfiguration;
			buildSettings = {
				ASSETCATALOG_COMPILER_APPICON_NAME = AppIcon;
				ASSETCATALOG_COMPILER_GLOBAL_ACCENT_COLOR_NAME = AccentColor;
				CODE_SIGN_STYLE = Automatic;
				CURRENT_PROJECT_VERSION = 1;
				DEVELOPMENT_TEAM = 6WTM73J33R;
				GENERATE_INFOPLIST_FILE = YES;
				INFOPLIST_FILE = Pictures/Info.plist;
				INFOPLIST_KEY_UIApplicationSupportsIndirectInputEvents = YES;
				INFOPLIST_KEY_UILaunchStoryboardName = LaunchScreen;
				INFOPLIST_KEY_UISupportedInterfaceOrientations_iPad = "UIInterfaceOrientationPortrait UIInterfaceOrientationPortraitUpsideDown UIInterfaceOrientationLandscapeLeft UIInterfaceOrientationLandscapeRight";
				INFOPLIST_KEY_UISupportedInterfaceOrientations_iPhone = "UIInterfaceOrientationPortrait UIInterfaceOrientationLandscapeLeft UIInterfaceOrientationLandscapeRight";
				LD_RUNPATH_SEARCH_PATHS = (
					"$(inherited)",
					"@executable_path/Frameworks",
				);
				MARKETING_VERSION = 1.0;
				PRODUCT_BUNDLE_IDENTIFIER = myLearning.Pictures;
				PRODUCT_NAME = "$(TARGET_NAME)";
				SWIFT_EMIT_LOC_STRINGS = YES;
				SWIFT_VERSION = 5.0;
				TARGETED_DEVICE_FAMILY = "1,2";
			};
			name = Release;
		};
/* End XCBuildConfiguration section */

/* Begin XCConfigurationList section */
		451CC2F527D88BDC0040946B /* Build configuration list for PBXProject "Pictures" */ = {
			isa = XCConfigurationList;
			buildConfigurations = (
				451CC30C27D88BDF0040946B /* Debug */,
				451CC30D27D88BDF0040946B /* Release */,
			);
			defaultConfigurationIsVisible = 0;
			defaultConfigurationName = Release;
		};
		451CC30E27D88BDF0040946B /* Build configuration list for PBXNativeTarget "Pictures" */ = {
			isa = XCConfigurationList;
			buildConfigurations = (
				451CC30F27D88BDF0040946B /* Debug */,
				451CC31027D88BDF0040946B /* Release */,
			);
			defaultConfigurationIsVisible = 0;
			defaultConfigurationName = Release;
		};
/* End XCConfigurationList section */
	};
	rootObject = 451CC2F227D88BDC0040946B /* Project object */;
}
